
Microsoft Visual Studio Solution File, Format Version 12.00
Project("{FAE04EC0-301F-11D3-BF4B-00C04F79EFBC}") = "EssayAnalyzer.Api", "EssayAnalyzer.Api\EssayAnalyzer.Api.csproj", "{9C69A97C-94D9-47E0-91EA-FE5FD2ACE7D1}"
EndProject
Project("{FAE04EC0-301F-11D3-BF4B-00C04F79EFBC}") = "EssayAnalyzer.UnitTest", "EssayAnalyzer.UnitTest\EssayAnalyzer.UnitTest.csproj", "{CE568059-5AA7-40C6-8C0D-23FF531FC6D9}"
EndProject
Project("{FAE04EC0-301F-11D3-BF4B-00C04F79EFBC}") = "EssayAnalyzer.Test", "EssayAnalyzer.Test\EssayAnalyzer.Test.csproj", "{3DC54A0B-3253-432E-B6BF-F66538D129D8}"
EndProject
Global
	GlobalSection(SolutionConfigurationPlatforms) = preSolution
		Debug|Any CPU = Debug|Any CPU
		Release|Any CPU = Release|Any CPU
	EndGlobalSection
	GlobalSection(ProjectConfigurationPlatforms) = postSolution
		{9C69A97C-94D9-47E0-91EA-FE5FD2ACE7D1}.Debug|Any CPU.ActiveCfg = Debug|Any CPU
		{9C69A97C-94D9-47E0-91EA-FE5FD2ACE7D1}.Debug|Any CPU.Build.0 = Debug|Any CPU
		{9C69A97C-94D9-47E0-91EA-FE5FD2ACE7D1}.Release|Any CPU.ActiveCfg = Release|Any CPU
		{9C69A97C-94D9-47E0-91EA-FE5FD2ACE7D1}.Release|Any CPU.Build.0 = Release|Any CPU
		{CE568059-5AA7-40C6-8C0D-23FF531FC6D9}.Debug|Any CPU.ActiveCfg = Debug|Any CPU
		{CE568059-5AA7-40C6-8C0D-23FF531FC6D9}.Debug|Any CPU.Build.0 = Debug|Any CPU
		{CE568059-5AA7-40C6-8C0D-23FF531FC6D9}.Release|Any CPU.ActiveCfg = Release|Any CPU
		{CE568059-5AA7-40C6-8C0D-23FF531FC6D9}.Release|Any CPU.Build.0 = Release|Any CPU
		{3DC54A0B-3253-432E-B6BF-F66538D129D8}.Debug|Any CPU.ActiveCfg = Debug|Any CPU
		{3DC54A0B-3253-432E-B6BF-F66538D129D8}.Debug|Any CPU.Build.0 = Debug|Any CPU
		{3DC54A0B-3253-432E-B6BF-F66538D129D8}.Release|Any CPU.ActiveCfg = Release|Any CPU
		{3DC54A0B-3253-432E-B6BF-F66538D129D8}.Release|Any CPU.Build.0 = Release|Any CPU
	EndGlobalSection
EndGlobal
